
Microsoft Visual Studio Solution File, Format Version 12.00
# Visual Studio Version 16
VisualStudioVersion = 16.0.31005.135
MinimumVisualStudioVersion = 10.0.40219.1
Project("{FAE04EC0-301F-11D3-BF4B-00C04F79EFBC}") = "SchoolMeals", "SchoolMeals\SchoolMeals.csproj", "{98517B9A-428F-47E8-89FE-9546C70C4FEF}"
EndProject
Global
	GlobalSection(SolutionConfigurationPlatforms) = preSolution
		Debug|Any CPU = Debug|Any CPU
		Release|Any CPU = Release|Any CPU
	EndGlobalSection
	GlobalSection(ProjectConfigurationPlatforms) = postSolution
		{98517B9A-428F-47E8-89FE-9546C70C4FEF}.Debug|Any CPU.ActiveCfg = Debug|Any CPU
		{98517B9A-428F-47E8-89FE-9546C70C4FEF}.Debug|Any CPU.Build.0 = Debug|Any CPU
		{98517B9A-428F-47E8-89FE-9546C70C4FEF}.Release|Any CPU.ActiveCfg = Release|Any CPU
		{98517B9A-428F-47E8-89FE-9546C70C4FEF}.Release|Any CPU.Build.0 = Release|Any CPU
	EndGlobalSection
	GlobalSection(SolutionProperties) = preSolution
		HideSolutionNode = FALSE
	EndGlobalSection
	GlobalSection(ExtensibilityGlobals) = postSolution
		SolutionGuid = {812C426E-CE3F-4866-8DE5-2635F62E7A13}
	EndGlobalSection
EndGlobal
